
Microsoft Visual Studio Solution File, Format Version 12.00
# Visual Studio Version 17
VisualStudioVersion = 17.14.36221.1 d17.14
MinimumVisualStudioVersion = 10.0.40219.1
Project("{FAE04EC0-301F-11D3-BF4B-00C04F79EFBC}") = "Task4", "Task4\Task4.csproj", "{D42F4E59-7137-4A1F-9DBB-3225FE53A877}"
EndProject
Global
	GlobalSection(SolutionConfigurationPlatforms) = preSolution
		Debug|Any CPU = Debug|Any CPU
		Release|Any CPU = Release|Any CPU
	EndGlobalSection
	GlobalSection(ProjectConfigurationPlatforms) = postSolution
		{D42F4E59-7137-4A1F-9DBB-3225FE53A877}.Debug|Any CPU.ActiveCfg = Debug|Any CPU
		{D42F4E59-7137-4A1F-9DBB-3225FE53A877}.Debug|Any CPU.Build.0 = Debug|Any CPU
		{D42F4E59-7137-4A1F-9DBB-3225FE53A877}.Release|Any CPU.ActiveCfg = Release|Any CPU
		{D42F4E59-7137-4A1F-9DBB-3225FE53A877}.Release|Any CPU.Build.0 = Release|Any CPU
	EndGlobalSection
	GlobalSection(SolutionProperties) = preSolution
		HideSolutionNode = FALSE
	EndGlobalSection
	GlobalSection(ExtensibilityGlobals) = postSolution
		SolutionGuid = {548835CB-1A73-4091-A68A-A65C607CAA41}
	EndGlobalSection
EndGlobal
